
Microsoft Visual Studio Solution File, Format Version 12.00
# Visual Studio Version 16
VisualStudioVersion = 16.0.29009.5
MinimumVisualStudioVersion = 10.0.40219.1
Project("{FAE04EC0-301F-11D3-BF4B-00C04F79EFBC}") = "PetStoreUI", "PetStoreUI\PetStoreUI.csproj", "{B6DFBF2C-D7E7-4719-8F3E-E8B3E1B6FDF3}"
EndProject
Global
	GlobalSection(SolutionConfigurationPlatforms) = preSolution
		Debug|Any CPU = Debug|Any CPU
		Release|Any CPU = Release|Any CPU
	EndGlobalSection
	GlobalSection(ProjectConfigurationPlatforms) = postSolution
		{B6DFBF2C-D7E7-4719-8F3E-E8B3E1B6FDF3}.Debug|Any CPU.ActiveCfg = Debug|Any CPU
		{B6DFBF2C-D7E7-4719-8F3E-E8B3E1B6FDF3}.Debug|Any CPU.Build.0 = Debug|Any CPU
		{B6DFBF2C-D7E7-4719-8F3E-E8B3E1B6FDF3}.Release|Any CPU.ActiveCfg = Release|Any CPU
		{B6DFBF2C-D7E7-4719-8F3E-E8B3E1B6FDF3}.Release|Any CPU.Build.0 = Release|Any CPU
	EndGlobalSection
	GlobalSection(SolutionProperties) = preSolution
		HideSolutionNode = FALSE
	EndGlobalSection
	GlobalSection(ExtensibilityGlobals) = postSolution
		SolutionGuid = {3C453F66-61CD-44C0-97D9-C4C8C9EE2C80}
	EndGlobalSection
EndGlobal
