
Microsoft Visual Studio Solution File, Format Version 12.00
# Visual Studio Version 16
VisualStudioVersion = 16.0.29009.5
MinimumVisualStudioVersion = 10.0.40219.1
Project("{FAE04EC0-301F-11D3-BF4B-00C04F79EFBC}") = "Generic_Challenge", "Generic_Challenge\Generic_Challenge.csproj", "{156D9308-354D-46A5-8AA3-FDA0147D280C}"
EndProject
Global
	GlobalSection(SolutionConfigurationPlatforms) = preSolution
		Debug|Any CPU = Debug|Any CPU
		Release|Any CPU = Release|Any CPU
	EndGlobalSection
	GlobalSection(ProjectConfigurationPlatforms) = postSolution
		{156D9308-354D-46A5-8AA3-FDA0147D280C}.Debug|Any CPU.ActiveCfg = Debug|Any CPU
		{156D9308-354D-46A5-8AA3-FDA0147D280C}.Debug|Any CPU.Build.0 = Debug|Any CPU
		{156D9308-354D-46A5-8AA3-FDA0147D280C}.Release|Any CPU.ActiveCfg = Release|Any CPU
		{156D9308-354D-46A5-8AA3-FDA0147D280C}.Release|Any CPU.Build.0 = Release|Any CPU
	EndGlobalSection
	GlobalSection(SolutionProperties) = preSolution
		HideSolutionNode = FALSE
	EndGlobalSection
	GlobalSection(ExtensibilityGlobals) = postSolution
		SolutionGuid = {56374DC4-972D-4A6F-B6EE-6EB2569449A1}
	EndGlobalSection
EndGlobal
